
Microsoft Visual Studio Solution File, Format Version 12.00
# Visual Studio Version 16
VisualStudioVersion = 16.0.31321.278
MinimumVisualStudioVersion = 10.0.40219.1
Project("{FAE04EC0-301F-11D3-BF4B-00C04F79EFBC}") = "mvcazure", "mvcazure\mvcazure.csproj", "{5E64D200-C58D-48C0-BAE3-7E5F56545E34}"
EndProject
Global
	GlobalSection(SolutionConfigurationPlatforms) = preSolution
		Debug|Any CPU = Debug|Any CPU
		Release|Any CPU = Release|Any CPU
	EndGlobalSection
	GlobalSection(ProjectConfigurationPlatforms) = postSolution
		{5E64D200-C58D-48C0-BAE3-7E5F56545E34}.Debug|Any CPU.ActiveCfg = Debug|Any CPU
		{5E64D200-C58D-48C0-BAE3-7E5F56545E34}.Debug|Any CPU.Build.0 = Debug|Any CPU
		{5E64D200-C58D-48C0-BAE3-7E5F56545E34}.Release|Any CPU.ActiveCfg = Release|Any CPU
		{5E64D200-C58D-48C0-BAE3-7E5F56545E34}.Release|Any CPU.Build.0 = Release|Any CPU
	EndGlobalSection
	GlobalSection(SolutionProperties) = preSolution
		HideSolutionNode = FALSE
	EndGlobalSection
	GlobalSection(ExtensibilityGlobals) = postSolution
		SolutionGuid = {6B7AA0D9-4725-40DA-AFC0-524EBC409E73}
	EndGlobalSection
EndGlobal
